
Microsoft Visual Studio Solution File, Format Version 12.00
# Visual Studio Version 17
VisualStudioVersion = 17.0.31903.59
MinimumVisualStudioVersion = 10.0.40219.1
Project("{2150E333-8FDC-42A3-9474-1A3956D46DE8}") = "src", "src", "{827E0CD3-B72D-47B6-A68D-7590B98EB39B}"
EndProject
Project("{FAE04EC0-301F-11D3-BF4B-00C04F79EFBC}") = "ReplayLab.Core", "src\ReplayLab.Core\ReplayLab.Core.csproj", "{D8077428-4FCC-47A0-AD91-E94DE21656E1}"
EndProject
Project("{FAE04EC0-301F-11D3-BF4B-00C04F79EFBC}") = "ReplayLab.Cli", "src\ReplayLab.Cli\ReplayLab.Cli.csproj", "{27D6D64A-BF36-44EE-9A17-0CAA96884A74}"
EndProject
Project("{FAE04EC0-301F-11D3-BF4B-00C04F79EFBC}") = "ReplayLab.Cli.Hosting", "src\ReplayLab.Cli.Hosting\ReplayLab.Cli.Hosting.csproj", "{D6D82A9B-7A4A-4F43-9C05-3D9F1D6F3C9E}"
EndProject
Project("{FAE04EC0-301F-11D3-BF4B-00C04F79EFBC}") = "ReplayLab.Adapters.Mock", "src\ReplayLab.Adapters.Mock\ReplayLab.Adapters.Mock.csproj", "{95466D86-7B5F-4CF4-9589-EC31F9B50C40}"
EndProject
Project("{2150E333-8FDC-42A3-9474-1A3956D46DE8}") = "tests", "tests", "{0AB3BF05-4346-4AA6-1389-037BE0695223}"
EndProject
Project("{FAE04EC0-301F-11D3-BF4B-00C04F79EFBC}") = "ReplayLab.Core.Tests", "tests\ReplayLab.Core.Tests\ReplayLab.Core.Tests.csproj", "{DA4C2F0E-FE8F-4933-95A9-9E1E396005ED}"
EndProject
Project("{FAE04EC0-301F-11D3-BF4B-00C04F79EFBC}") = "ReplayLab.Adapters.Mock.Tests", "tests\ReplayLab.Adapters.Mock.Tests\ReplayLab.Adapters.Mock.Tests.csproj", "{5E6C0009-655E-4354-AEDA-35630D25527B}"
EndProject
Project("{FAE04EC0-301F-11D3-BF4B-00C04F79EFBC}") = "ReplayLab.Parsers.Csv", "src\ReplayLab.Parsers.Csv\ReplayLab.Parsers.Csv.csproj", "{EDC82882-0BA2-421B-A2FD-05808F7C686A}"
EndProject
Project("{FAE04EC0-301F-11D3-BF4B-00C04F79EFBC}") = "ReplayLab.Parsers.Csv.Tests", "tests\ReplayLab.Parsers.Csv.Tests\ReplayLab.Parsers.Csv.Tests.csproj", "{30B6BA23-75F5-4359-8A1E-671508ECAAF4}"
EndProject
Project("{FAE04EC0-301F-11D3-BF4B-00C04F79EFBC}") = "ReplayLab.Cli.Tests", "tests\ReplayLab.Cli.Tests\ReplayLab.Cli.Tests.csproj", "{FC4B7684-652E-4952-9F82-B9FC912EE762}"
EndProject
Project("{FAE04EC0-301F-11D3-BF4B-00C04F79EFBC}") = "ReplayLab.Adapters.Http", "src\ReplayLab.Adapters.Http\ReplayLab.Adapters.Http.csproj", "{310C801D-9966-414B-8293-517F5B891551}"
EndProject
Project("{FAE04EC0-301F-11D3-BF4B-00C04F79EFBC}") = "ReplayLab.Adapters.Http.Tests", "tests\ReplayLab.Adapters.Http.Tests\ReplayLab.Adapters.Http.Tests.csproj", "{895C03FE-F568-48B2-8A56-12C17A4DB68B}"
EndProject
Project("{FAE04EC0-301F-11D3-BF4B-00C04F79EFBC}") = "ReplayLab.Web.Tests", "tests\ReplayLab.Web.Tests\ReplayLab.Web.Tests.csproj", "{4581A553-F4C5-43FC-AE2D-881E7F4A0CE6}"
EndProject
Project("{FAE04EC0-301F-11D3-BF4B-00C04F79EFBC}") = "ReplayLab.Web", "src\ReplayLab.Web\ReplayLab.Web.csproj", "{53F87BA4-B201-4D98-AA59-3AA09E7C34A5}"
EndProject
Project("{FAE04EC0-301F-11D3-BF4B-00C04F79EFBC}") = "ReplayLab.Adapters.Example.Tests", "tests\ReplayLab.Adapters.Example.Tests\ReplayLab.Adapters.Example.Tests.csproj", "{406B7D18-96F0-4D63-AD75-233B9D8BA7E3}"
EndProject
Project("{FAE04EC0-301F-11D3-BF4B-00C04F79EFBC}") = "ReplayLab.Adapters.Example", "src\ReplayLab.Adapters.Example\ReplayLab.Adapters.Example.csproj", "{7F8F1000-EE46-405E-B9C2-AA22DC5AC9A9}"
EndProject
Project("{FAE04EC0-301F-11D3-BF4B-00C04F79EFBC}") = "ReplayLab.Web.Hosting", "src\ReplayLab.Web.Hosting\ReplayLab.Web.Hosting.csproj", "{1F1F91AA-24BD-44AC-9B57-5C673540D3BF}"
EndProject
Project("{FAE04EC0-301F-11D3-BF4B-00C04F79EFBC}") = "ReplayLab.Web.Hosting.Tests", "tests\ReplayLab.Web.Hosting.Tests\ReplayLab.Web.Hosting.Tests.csproj", "{8AE99FB7-F191-49D7-BA75-2A65AD7AA40D}"
EndProject
Project("{FAE04EC0-301F-11D3-BF4B-00C04F79EFBC}") = "ReplayLab.HostSample.Tests", "tests\ReplayLab.HostSample.Tests\ReplayLab.HostSample.Tests.csproj", "{5ECC2433-B2F7-4C0E-AB79-5449C5826C90}"
EndProject
Project("{2150E333-8FDC-42A3-9474-1A3956D46DE8}") = "samples", "samples", "{5D20AA90-6969-D8BD-9DCD-8634F4692FDA}"
EndProject
Project("{FAE04EC0-301F-11D3-BF4B-00C04F79EFBC}") = "ReplayLab.HostSample", "samples\ReplayLab.HostSample\ReplayLab.HostSample.csproj", "{6B582D23-6A90-4CAB-977E-5A2711C5AC70}"
EndProject
Project("{FAE04EC0-301F-11D3-BF4B-00C04F79EFBC}") = "ReplayLab.Desktop", "src\ReplayLab.Desktop\ReplayLab.Desktop.csproj", "{BB2AACCF-2950-42B9-A885-C92E730CA5B0}"
EndProject
Project("{FAE04EC0-301F-11D3-BF4B-00C04F79EFBC}") = "ReplayLab.Desktop.Tests", "tests\ReplayLab.Desktop.Tests\ReplayLab.Desktop.Tests.csproj", "{06750899-C2F7-4EC9-8908-F935C1D57650}"
EndProject
Global
	GlobalSection(SolutionConfigurationPlatforms) = preSolution
		Debug|Any CPU = Debug|Any CPU
		Debug|x64 = Debug|x64
		Debug|x86 = Debug|x86
		Release|Any CPU = Release|Any CPU
		Release|x64 = Release|x64
		Release|x86 = Release|x86
	EndGlobalSection
	GlobalSection(ProjectConfigurationPlatforms) = postSolution
		{D8077428-4FCC-47A0-AD91-E94DE21656E1}.Debug|Any CPU.ActiveCfg = Debug|Any CPU
		{D8077428-4FCC-47A0-AD91-E94DE21656E1}.Debug|Any CPU.Build.0 = Debug|Any CPU
		{D8077428-4FCC-47A0-AD91-E94DE21656E1}.Debug|x64.ActiveCfg = Debug|Any CPU
		{D8077428-4FCC-47A0-AD91-E94DE21656E1}.Debug|x64.Build.0 = Debug|Any CPU
		{D8077428-4FCC-47A0-AD91-E94DE21656E1}.Debug|x86.ActiveCfg = Debug|Any CPU
		{D8077428-4FCC-47A0-AD91-E94DE21656E1}.Debug|x86.Build.0 = Debug|Any CPU
		{D8077428-4FCC-47A0-AD91-E94DE21656E1}.Release|Any CPU.ActiveCfg = Release|Any CPU
		{D8077428-4FCC-47A0-AD91-E94DE21656E1}.Release|Any CPU.Build.0 = Release|Any CPU
		{D8077428-4FCC-47A0-AD91-E94DE21656E1}.Release|x64.ActiveCfg = Release|Any CPU
		{D8077428-4FCC-47A0-AD91-E94DE21656E1}.Release|x64.Build.0 = Release|Any CPU
		{D8077428-4FCC-47A0-AD91-E94DE21656E1}.Release|x86.ActiveCfg = Release|Any CPU
		{D8077428-4FCC-47A0-AD91-E94DE21656E1}.Release|x86.Build.0 = Release|Any CPU
		{27D6D64A-BF36-44EE-9A17-0CAA96884A74}.Debug|Any CPU.ActiveCfg = Debug|Any CPU
		{27D6D64A-BF36-44EE-9A17-0CAA96884A74}.Debug|Any CPU.Build.0 = Debug|Any CPU
		{27D6D64A-BF36-44EE-9A17-0CAA96884A74}.Debug|x64.ActiveCfg = Debug|Any CPU
		{27D6D64A-BF36-44EE-9A17-0CAA96884A74}.Debug|x64.Build.0 = Debug|Any CPU
		{27D6D64A-BF36-44EE-9A17-0CAA96884A74}.Debug|x86.ActiveCfg = Debug|Any CPU
		{27D6D64A-BF36-44EE-9A17-0CAA96884A74}.Debug|x86.Build.0 = Debug|Any CPU
		{27D6D64A-BF36-44EE-9A17-0CAA96884A74}.Release|Any CPU.ActiveCfg = Release|Any CPU
		{27D6D64A-BF36-44EE-9A17-0CAA96884A74}.Release|Any CPU.Build.0 = Release|Any CPU
		{27D6D64A-BF36-44EE-9A17-0CAA96884A74}.Release|x64.ActiveCfg = Release|Any CPU
		{27D6D64A-BF36-44EE-9A17-0CAA96884A74}.Release|x64.Build.0 = Release|Any CPU
		{27D6D64A-BF36-44EE-9A17-0CAA96884A74}.Release|x86.ActiveCfg = Release|Any CPU
		{27D6D64A-BF36-44EE-9A17-0CAA96884A74}.Release|x86.Build.0 = Release|Any CPU
		{D6D82A9B-7A4A-4F43-9C05-3D9F1D6F3C9E}.Debug|Any CPU.ActiveCfg = Debug|Any CPU
		{D6D82A9B-7A4A-4F43-9C05-3D9F1D6F3C9E}.Debug|Any CPU.Build.0 = Debug|Any CPU
		{D6D82A9B-7A4A-4F43-9C05-3D9F1D6F3C9E}.Debug|x64.ActiveCfg = Debug|Any CPU
		{D6D82A9B-7A4A-4F43-9C05-3D9F1D6F3C9E}.Debug|x64.Build.0 = Debug|Any CPU
		{D6D82A9B-7A4A-4F43-9C05-3D9F1D6F3C9E}.Debug|x86.ActiveCfg = Debug|Any CPU
		{D6D82A9B-7A4A-4F43-9C05-3D9F1D6F3C9E}.Debug|x86.Build.0 = Debug|Any CPU
		{D6D82A9B-7A4A-4F43-9C05-3D9F1D6F3C9E}.Release|Any CPU.ActiveCfg = Release|Any CPU
		{D6D82A9B-7A4A-4F43-9C05-3D9F1D6F3C9E}.Release|Any CPU.Build.0 = Release|Any CPU
		{D6D82A9B-7A4A-4F43-9C05-3D9F1D6F3C9E}.Release|x64.ActiveCfg = Release|Any CPU
		{D6D82A9B-7A4A-4F43-9C05-3D9F1D6F3C9E}.Release|x64.Build.0 = Release|Any CPU
		{D6D82A9B-7A4A-4F43-9C05-3D9F1D6F3C9E}.Release|x86.ActiveCfg = Release|Any CPU
		{D6D82A9B-7A4A-4F43-9C05-3D9F1D6F3C9E}.Release|x86.Build.0 = Release|Any CPU
		{95466D86-7B5F-4CF4-9589-EC31F9B50C40}.Debug|Any CPU.ActiveCfg = Debug|Any CPU
		{95466D86-7B5F-4CF4-9589-EC31F9B50C40}.Debug|Any CPU.Build.0 = Debug|Any CPU
		{95466D86-7B5F-4CF4-9589-EC31F9B50C40}.Debug|x64.ActiveCfg = Debug|Any CPU
		{95466D86-7B5F-4CF4-9589-EC31F9B50C40}.Debug|x64.Build.0 = Debug|Any CPU
		{95466D86-7B5F-4CF4-9589-EC31F9B50C40}.Debug|x86.ActiveCfg = Debug|Any CPU
		{95466D86-7B5F-4CF4-9589-EC31F9B50C40}.Debug|x86.Build.0 = Debug|Any CPU
		{95466D86-7B5F-4CF4-9589-EC31F9B50C40}.Release|Any CPU.ActiveCfg = Release|Any CPU
		{95466D86-7B5F-4CF4-9589-EC31F9B50C40}.Release|Any CPU.Build.0 = Release|Any CPU
		{95466D86-7B5F-4CF4-9589-EC31F9B50C40}.Release|x64.ActiveCfg = Release|Any CPU
		{95466D86-7B5F-4CF4-9589-EC31F9B50C40}.Release|x64.Build.0 = Release|Any CPU
		{95466D86-7B5F-4CF4-9589-EC31F9B50C40}.Release|x86.ActiveCfg = Release|Any CPU
		{95466D86-7B5F-4CF4-9589-EC31F9B50C40}.Release|x86.Build.0 = Release|Any CPU
		{DA4C2F0E-FE8F-4933-95A9-9E1E396005ED}.Debug|Any CPU.ActiveCfg = Debug|Any CPU
		{DA4C2F0E-FE8F-4933-95A9-9E1E396005ED}.Debug|Any CPU.Build.0 = Debug|Any CPU
		{DA4C2F0E-FE8F-4933-95A9-9E1E396005ED}.Debug|x64.ActiveCfg = Debug|Any CPU
		{DA4C2F0E-FE8F-4933-95A9-9E1E396005ED}.Debug|x64.Build.0 = Debug|Any CPU
		{DA4C2F0E-FE8F-4933-95A9-9E1E396005ED}.Debug|x86.ActiveCfg = Debug|Any CPU
		{DA4C2F0E-FE8F-4933-95A9-9E1E396005ED}.Debug|x86.Build.0 = Debug|Any CPU
		{DA4C2F0E-FE8F-4933-95A9-9E1E396005ED}.Release|Any CPU.ActiveCfg = Release|Any CPU
		{DA4C2F0E-FE8F-4933-95A9-9E1E396005ED}.Release|Any CPU.Build.0 = Release|Any CPU
		{DA4C2F0E-FE8F-4933-95A9-9E1E396005ED}.Release|x64.ActiveCfg = Release|Any CPU
		{DA4C2F0E-FE8F-4933-95A9-9E1E396005ED}.Release|x64.Build.0 = Release|Any CPU
		{DA4C2F0E-FE8F-4933-95A9-9E1E396005ED}.Release|x86.ActiveCfg = Release|Any CPU
		{DA4C2F0E-FE8F-4933-95A9-9E1E396005ED}.Release|x86.Build.0 = Release|Any CPU
		{5E6C0009-655E-4354-AEDA-35630D25527B}.Debug|Any CPU.ActiveCfg = Debug|Any CPU
		{5E6C0009-655E-4354-AEDA-35630D25527B}.Debug|Any CPU.Build.0 = Debug|Any CPU
		{5E6C0009-655E-4354-AEDA-35630D25527B}.Debug|x64.ActiveCfg = Debug|Any CPU
		{5E6C0009-655E-4354-AEDA-35630D25527B}.Debug|x64.Build.0 = Debug|Any CPU
		{5E6C0009-655E-4354-AEDA-35630D25527B}.Debug|x86.ActiveCfg = Debug|Any CPU
		{5E6C0009-655E-4354-AEDA-35630D25527B}.Debug|x86.Build.0 = Debug|Any CPU
		{5E6C0009-655E-4354-AEDA-35630D25527B}.Release|Any CPU.ActiveCfg = Release|Any CPU
		{5E6C0009-655E-4354-AEDA-35630D25527B}.Release|Any CPU.Build.0 = Release|Any CPU
		{5E6C0009-655E-4354-AEDA-35630D25527B}.Release|x64.ActiveCfg = Release|Any CPU
		{5E6C0009-655E-4354-AEDA-35630D25527B}.Release|x64.Build.0 = Release|Any CPU
		{5E6C0009-655E-4354-AEDA-35630D25527B}.Release|x86.ActiveCfg = Release|Any CPU
		{5E6C0009-655E-4354-AEDA-35630D25527B}.Release|x86.Build.0 = Release|Any CPU
		{EDC82882-0BA2-421B-A2FD-05808F7C686A}.Debug|Any CPU.ActiveCfg = Debug|Any CPU
		{EDC82882-0BA2-421B-A2FD-05808F7C686A}.Debug|Any CPU.Build.0 = Debug|Any CPU
		{EDC82882-0BA2-421B-A2FD-05808F7C686A}.Debug|x64.ActiveCfg = Debug|Any CPU
		{EDC82882-0BA2-421B-A2FD-05808F7C686A}.Debug|x64.Build.0 = Debug|Any CPU
		{EDC82882-0BA2-421B-A2FD-05808F7C686A}.Debug|x86.ActiveCfg = Debug|Any CPU
		{EDC82882-0BA2-421B-A2FD-05808F7C686A}.Debug|x86.Build.0 = Debug|Any CPU
		{EDC82882-0BA2-421B-A2FD-05808F7C686A}.Release|Any CPU.ActiveCfg = Release|Any CPU
		{EDC82882-0BA2-421B-A2FD-05808F7C686A}.Release|Any CPU.Build.0 = Release|Any CPU
		{EDC82882-0BA2-421B-A2FD-05808F7C686A}.Release|x64.ActiveCfg = Release|Any CPU
		{EDC82882-0BA2-421B-A2FD-05808F7C686A}.Release|x64.Build.0 = Release|Any CPU
		{EDC82882-0BA2-421B-A2FD-05808F7C686A}.Release|x86.ActiveCfg = Release|Any CPU
		{EDC82882-0BA2-421B-A2FD-05808F7C686A}.Release|x86.Build.0 = Release|Any CPU
		{30B6BA23-75F5-4359-8A1E-671508ECAAF4}.Debug|Any CPU.ActiveCfg = Debug|Any CPU
		{30B6BA23-75F5-4359-8A1E-671508ECAAF4}.Debug|Any CPU.Build.0 = Debug|Any CPU
		{30B6BA23-75F5-4359-8A1E-671508ECAAF4}.Debug|x64.ActiveCfg = Debug|Any CPU
		{30B6BA23-75F5-4359-8A1E-671508ECAAF4}.Debug|x64.Build.0 = Debug|Any CPU
		{30B6BA23-75F5-4359-8A1E-671508ECAAF4}.Debug|x86.ActiveCfg = Debug|Any CPU
		{30B6BA23-75F5-4359-8A1E-671508ECAAF4}.Debug|x86.Build.0 = Debug|Any CPU
		{30B6BA23-75F5-4359-8A1E-671508ECAAF4}.Release|Any CPU.ActiveCfg = Release|Any CPU
		{30B6BA23-75F5-4359-8A1E-671508ECAAF4}.Release|Any CPU.Build.0 = Release|Any CPU
		{30B6BA23-75F5-4359-8A1E-671508ECAAF4}.Release|x64.ActiveCfg = Release|Any CPU
		{30B6BA23-75F5-4359-8A1E-671508ECAAF4}.Release|x64.Build.0 = Release|Any CPU
		{30B6BA23-75F5-4359-8A1E-671508ECAAF4}.Release|x86.ActiveCfg = Release|Any CPU
		{30B6BA23-75F5-4359-8A1E-671508ECAAF4}.Release|x86.Build.0 = Release|Any CPU
		{FC4B7684-652E-4952-9F82-B9FC912EE762}.Debug|Any CPU.ActiveCfg = Debug|Any CPU
		{FC4B7684-652E-4952-9F82-B9FC912EE762}.Debug|Any CPU.Build.0 = Debug|Any CPU
		{FC4B7684-652E-4952-9F82-B9FC912EE762}.Debug|x64.ActiveCfg = Debug|Any CPU
		{FC4B7684-652E-4952-9F82-B9FC912EE762}.Debug|x64.Build.0 = Debug|Any CPU
		{FC4B7684-652E-4952-9F82-B9FC912EE762}.Debug|x86.ActiveCfg = Debug|Any CPU
		{FC4B7684-652E-4952-9F82-B9FC912EE762}.Debug|x86.Build.0 = Debug|Any CPU
		{FC4B7684-652E-4952-9F82-B9FC912EE762}.Release|Any CPU.ActiveCfg = Release|Any CPU
		{FC4B7684-652E-4952-9F82-B9FC912EE762}.Release|Any CPU.Build.0 = Release|Any CPU
		{FC4B7684-652E-4952-9F82-B9FC912EE762}.Release|x64.ActiveCfg = Release|Any CPU
		{FC4B7684-652E-4952-9F82-B9FC912EE762}.Release|x64.Build.0 = Release|Any CPU
		{FC4B7684-652E-4952-9F82-B9FC912EE762}.Release|x86.ActiveCfg = Release|Any CPU
		{FC4B7684-652E-4952-9F82-B9FC912EE762}.Release|x86.Build.0 = Release|Any CPU
		{310C801D-9966-414B-8293-517F5B891551}.Debug|Any CPU.ActiveCfg = Debug|Any CPU
		{310C801D-9966-414B-8293-517F5B891551}.Debug|Any CPU.Build.0 = Debug|Any CPU
		{310C801D-9966-414B-8293-517F5B891551}.Debug|x64.ActiveCfg = Debug|Any CPU
		{310C801D-9966-414B-8293-517F5B891551}.Debug|x64.Build.0 = Debug|Any CPU
		{310C801D-9966-414B-8293-517F5B891551}.Debug|x86.ActiveCfg = Debug|Any CPU
		{310C801D-9966-414B-8293-517F5B891551}.Debug|x86.Build.0 = Debug|Any CPU
		{310C801D-9966-414B-8293-517F5B891551}.Release|Any CPU.ActiveCfg = Release|Any CPU
		{310C801D-9966-414B-8293-517F5B891551}.Release|Any CPU.Build.0 = Release|Any CPU
		{310C801D-9966-414B-8293-517F5B891551}.Release|x64.ActiveCfg = Release|Any CPU
		{310C801D-9966-414B-8293-517F5B891551}.Release|x64.Build.0 = Release|Any CPU
		{310C801D-9966-414B-8293-517F5B891551}.Release|x86.ActiveCfg = Release|Any CPU
		{310C801D-9966-414B-8293-517F5B891551}.Release|x86.Build.0 = Release|Any CPU
		{895C03FE-F568-48B2-8A56-12C17A4DB68B}.Debug|Any CPU.ActiveCfg = Debug|Any CPU
		{895C03FE-F568-48B2-8A56-12C17A4DB68B}.Debug|Any CPU.Build.0 = Debug|Any CPU
		{895C03FE-F568-48B2-8A56-12C17A4DB68B}.Debug|x64.ActiveCfg = Debug|Any CPU
		{895C03FE-F568-48B2-8A56-12C17A4DB68B}.Debug|x64.Build.0 = Debug|Any CPU
		{895C03FE-F568-48B2-8A56-12C17A4DB68B}.Debug|x86.ActiveCfg = Debug|Any CPU
		{895C03FE-F568-48B2-8A56-12C17A4DB68B}.Debug|x86.Build.0 = Debug|Any CPU
		{895C03FE-F568-48B2-8A56-12C17A4DB68B}.Release|Any CPU.ActiveCfg = Release|Any CPU
		{895C03FE-F568-48B2-8A56-12C17A4DB68B}.Release|Any CPU.Build.0 = Release|Any CPU
		{895C03FE-F568-48B2-8A56-12C17A4DB68B}.Release|x64.ActiveCfg = Release|Any CPU
		{895C03FE-F568-48B2-8A56-12C17A4DB68B}.Release|x64.Build.0 = Release|Any CPU
		{895C03FE-F568-48B2-8A56-12C17A4DB68B}.Release|x86.ActiveCfg = Release|Any CPU
		{895C03FE-F568-48B2-8A56-12C17A4DB68B}.Release|x86.Build.0 = Release|Any CPU
		{4581A553-F4C5-43FC-AE2D-881E7F4A0CE6}.Debug|Any CPU.ActiveCfg = Debug|Any CPU
		{4581A553-F4C5-43FC-AE2D-881E7F4A0CE6}.Debug|Any CPU.Build.0 = Debug|Any CPU
		{4581A553-F4C5-43FC-AE2D-881E7F4A0CE6}.Debug|x64.ActiveCfg = Debug|Any CPU
		{4581A553-F4C5-43FC-AE2D-881E7F4A0CE6}.Debug|x64.Build.0 = Debug|Any CPU
		{4581A553-F4C5-43FC-AE2D-881E7F4A0CE6}.Debug|x86.ActiveCfg = Debug|Any CPU
		{4581A553-F4C5-43FC-AE2D-881E7F4A0CE6}.Debug|x86.Build.0 = Debug|Any CPU
		{4581A553-F4C5-43FC-AE2D-881E7F4A0CE6}.Release|Any CPU.ActiveCfg = Release|Any CPU
		{4581A553-F4C5-43FC-AE2D-881E7F4A0CE6}.Release|Any CPU.Build.0 = Release|Any CPU
		{4581A553-F4C5-43FC-AE2D-881E7F4A0CE6}.Release|x64.ActiveCfg = Release|Any CPU
		{4581A553-F4C5-43FC-AE2D-881E7F4A0CE6}.Release|x64.Build.0 = Release|Any CPU
		{4581A553-F4C5-43FC-AE2D-881E7F4A0CE6}.Release|x86.ActiveCfg = Release|Any CPU
		{4581A553-F4C5-43FC-AE2D-881E7F4A0CE6}.Release|x86.Build.0 = Release|Any CPU
		{53F87BA4-B201-4D98-AA59-3AA09E7C34A5}.Debug|Any CPU.ActiveCfg = Debug|Any CPU
		{53F87BA4-B201-4D98-AA59-3AA09E7C34A5}.Debug|Any CPU.Build.0 = Debug|Any CPU
		{53F87BA4-B201-4D98-AA59-3AA09E7C34A5}.Debug|x64.ActiveCfg = Debug|Any CPU
		{53F87BA4-B201-4D98-AA59-3AA09E7C34A5}.Debug|x64.Build.0 = Debug|Any CPU
		{53F87BA4-B201-4D98-AA59-3AA09E7C34A5}.Debug|x86.ActiveCfg = Debug|Any CPU
		{53F87BA4-B201-4D98-AA59-3AA09E7C34A5}.Debug|x86.Build.0 = Debug|Any CPU
		{53F87BA4-B201-4D98-AA59-3AA09E7C34A5}.Release|Any CPU.ActiveCfg = Release|Any CPU
		{53F87BA4-B201-4D98-AA59-3AA09E7C34A5}.Release|Any CPU.Build.0 = Release|Any CPU
		{53F87BA4-B201-4D98-AA59-3AA09E7C34A5}.Release|x64.ActiveCfg = Release|Any CPU
		{53F87BA4-B201-4D98-AA59-3AA09E7C34A5}.Release|x64.Build.0 = Release|Any CPU
		{53F87BA4-B201-4D98-AA59-3AA09E7C34A5}.Release|x86.ActiveCfg = Release|Any CPU
		{53F87BA4-B201-4D98-AA59-3AA09E7C34A5}.Release|x86.Build.0 = Release|Any CPU
		{406B7D18-96F0-4D63-AD75-233B9D8BA7E3}.Debug|Any CPU.ActiveCfg = Debug|Any CPU
		{406B7D18-96F0-4D63-AD75-233B9D8BA7E3}.Debug|Any CPU.Build.0 = Debug|Any CPU
		{406B7D18-96F0-4D63-AD75-233B9D8BA7E3}.Debug|x64.ActiveCfg = Debug|Any CPU
		{406B7D18-96F0-4D63-AD75-233B9D8BA7E3}.Debug|x64.Build.0 = Debug|Any CPU
		{406B7D18-96F0-4D63-AD75-233B9D8BA7E3}.Debug|x86.ActiveCfg = Debug|Any CPU
		{406B7D18-96F0-4D63-AD75-233B9D8BA7E3}.Debug|x86.Build.0 = Debug|Any CPU
		{406B7D18-96F0-4D63-AD75-233B9D8BA7E3}.Release|Any CPU.ActiveCfg = Release|Any CPU
		{406B7D18-96F0-4D63-AD75-233B9D8BA7E3}.Release|Any CPU.Build.0 = Release|Any CPU
		{406B7D18-96F0-4D63-AD75-233B9D8BA7E3}.Release|x64.ActiveCfg = Release|Any CPU
		{406B7D18-96F0-4D63-AD75-233B9D8BA7E3}.Release|x64.Build.0 = Release|Any CPU
		{406B7D18-96F0-4D63-AD75-233B9D8BA7E3}.Release|x86.ActiveCfg = Release|Any CPU
		{406B7D18-96F0-4D63-AD75-233B9D8BA7E3}.Release|x86.Build.0 = Release|Any CPU
		{7F8F1000-EE46-405E-B9C2-AA22DC5AC9A9}.Debug|Any CPU.ActiveCfg = Debug|Any CPU
		{7F8F1000-EE46-405E-B9C2-AA22DC5AC9A9}.Debug|Any CPU.Build.0 = Debug|Any CPU
		{7F8F1000-EE46-405E-B9C2-AA22DC5AC9A9}.Debug|x64.ActiveCfg = Debug|Any CPU
		{7F8F1000-EE46-405E-B9C2-AA22DC5AC9A9}.Debug|x64.Build.0 = Debug|Any CPU
		{7F8F1000-EE46-405E-B9C2-AA22DC5AC9A9}.Debug|x86.ActiveCfg = Debug|Any CPU
		{7F8F1000-EE46-405E-B9C2-AA22DC5AC9A9}.Debug|x86.Build.0 = Debug|Any CPU
		{7F8F1000-EE46-405E-B9C2-AA22DC5AC9A9}.Release|Any CPU.ActiveCfg = Release|Any CPU
		{7F8F1000-EE46-405E-B9C2-AA22DC5AC9A9}.Release|Any CPU.Build.0 = Release|Any CPU
		{7F8F1000-EE46-405E-B9C2-AA22DC5AC9A9}.Release|x64.ActiveCfg = Release|Any CPU
		{7F8F1000-EE46-405E-B9C2-AA22DC5AC9A9}.Release|x64.Build.0 = Release|Any CPU
		{7F8F1000-EE46-405E-B9C2-AA22DC5AC9A9}.Release|x86.ActiveCfg = Release|Any CPU
		{7F8F1000-EE46-405E-B9C2-AA22DC5AC9A9}.Release|x86.Build.0 = Release|Any CPU
		{1F1F91AA-24BD-44AC-9B57-5C673540D3BF}.Debug|Any CPU.ActiveCfg = Debug|Any CPU
		{1F1F91AA-24BD-44AC-9B57-5C673540D3BF}.Debug|Any CPU.Build.0 = Debug|Any CPU
		{1F1F91AA-24BD-44AC-9B57-5C673540D3BF}.Debug|x64.ActiveCfg = Debug|Any CPU
		{1F1F91AA-24BD-44AC-9B57-5C673540D3BF}.Debug|x64.Build.0 = Debug|Any CPU
		{1F1F91AA-24BD-44AC-9B57-5C673540D3BF}.Debug|x86.ActiveCfg = Debug|Any CPU
		{1F1F91AA-24BD-44AC-9B57-5C673540D3BF}.Debug|x86.Build.0 = Debug|Any CPU
		{1F1F91AA-24BD-44AC-9B57-5C673540D3BF}.Release|Any CPU.ActiveCfg = Release|Any CPU
		{1F1F91AA-24BD-44AC-9B57-5C673540D3BF}.Release|Any CPU.Build.0 = Release|Any CPU
		{1F1F91AA-24BD-44AC-9B57-5C673540D3BF}.Release|x64.ActiveCfg = Release|Any CPU
		{1F1F91AA-24BD-44AC-9B57-5C673540D3BF}.Release|x64.Build.0 = Release|Any CPU
		{1F1F91AA-24BD-44AC-9B57-5C673540D3BF}.Release|x86.ActiveCfg = Release|Any CPU
		{1F1F91AA-24BD-44AC-9B57-5C673540D3BF}.Release|x86.Build.0 = Release|Any CPU
		{8AE99FB7-F191-49D7-BA75-2A65AD7AA40D}.Debug|Any CPU.ActiveCfg = Debug|Any CPU
		{8AE99FB7-F191-49D7-BA75-2A65AD7AA40D}.Debug|Any CPU.Build.0 = Debug|Any CPU
		{8AE99FB7-F191-49D7-BA75-2A65AD7AA40D}.Debug|x64.ActiveCfg = Debug|Any CPU
		{8AE99FB7-F191-49D7-BA75-2A65AD7AA40D}.Debug|x64.Build.0 = Debug|Any CPU
		{8AE99FB7-F191-49D7-BA75-2A65AD7AA40D}.Debug|x86.ActiveCfg = Debug|Any CPU
		{8AE99FB7-F191-49D7-BA75-2A65AD7AA40D}.Debug|x86.Build.0 = Debug|Any CPU
		{8AE99FB7-F191-49D7-BA75-2A65AD7AA40D}.Release|Any CPU.ActiveCfg = Release|Any CPU
		{8AE99FB7-F191-49D7-BA75-2A65AD7AA40D}.Release|Any CPU.Build.0 = Release|Any CPU
		{8AE99FB7-F191-49D7-BA75-2A65AD7AA40D}.Release|x64.ActiveCfg = Release|Any CPU
		{8AE99FB7-F191-49D7-BA75-2A65AD7AA40D}.Release|x64.Build.0 = Release|Any CPU
		{8AE99FB7-F191-49D7-BA75-2A65AD7AA40D}.Release|x86.ActiveCfg = Release|Any CPU
		{8AE99FB7-F191-49D7-BA75-2A65AD7AA40D}.Release|x86.Build.0 = Release|Any CPU
		{5ECC2433-B2F7-4C0E-AB79-5449C5826C90}.Debug|Any CPU.ActiveCfg = Debug|Any CPU
		{5ECC2433-B2F7-4C0E-AB79-5449C5826C90}.Debug|Any CPU.Build.0 = Debug|Any CPU
		{5ECC2433-B2F7-4C0E-AB79-5449C5826C90}.Debug|x64.ActiveCfg = Debug|Any CPU
		{5ECC2433-B2F7-4C0E-AB79-5449C5826C90}.Debug|x64.Build.0 = Debug|Any CPU
		{5ECC2433-B2F7-4C0E-AB79-5449C5826C90}.Debug|x86.ActiveCfg = Debug|Any CPU
		{5ECC2433-B2F7-4C0E-AB79-5449C5826C90}.Debug|x86.Build.0 = Debug|Any CPU
		{5ECC2433-B2F7-4C0E-AB79-5449C5826C90}.Release|Any CPU.ActiveCfg = Release|Any CPU
		{5ECC2433-B2F7-4C0E-AB79-5449C5826C90}.Release|Any CPU.Build.0 = Release|Any CPU
		{5ECC2433-B2F7-4C0E-AB79-5449C5826C90}.Release|x64.ActiveCfg = Release|Any CPU
		{5ECC2433-B2F7-4C0E-AB79-5449C5826C90}.Release|x64.Build.0 = Release|Any CPU
		{5ECC2433-B2F7-4C0E-AB79-5449C5826C90}.Release|x86.ActiveCfg = Release|Any CPU
		{5ECC2433-B2F7-4C0E-AB79-5449C5826C90}.Release|x86.Build.0 = Release|Any CPU
		{6B582D23-6A90-4CAB-977E-5A2711C5AC70}.Debug|Any CPU.ActiveCfg = Debug|Any CPU
		{6B582D23-6A90-4CAB-977E-5A2711C5AC70}.Debug|Any CPU.Build.0 = Debug|Any CPU
		{6B582D23-6A90-4CAB-977E-5A2711C5AC70}.Debug|x64.ActiveCfg = Debug|Any CPU
		{6B582D23-6A90-4CAB-977E-5A2711C5AC70}.Debug|x64.Build.0 = Debug|Any CPU
		{6B582D23-6A90-4CAB-977E-5A2711C5AC70}.Debug|x86.ActiveCfg = Debug|Any CPU
		{6B582D23-6A90-4CAB-977E-5A2711C5AC70}.Debug|x86.Build.0 = Debug|Any CPU
		{6B582D23-6A90-4CAB-977E-5A2711C5AC70}.Release|Any CPU.ActiveCfg = Release|Any CPU
		{6B582D23-6A90-4CAB-977E-5A2711C5AC70}.Release|Any CPU.Build.0 = Release|Any CPU
		{6B582D23-6A90-4CAB-977E-5A2711C5AC70}.Release|x64.ActiveCfg = Release|Any CPU
		{6B582D23-6A90-4CAB-977E-5A2711C5AC70}.Release|x64.Build.0 = Release|Any CPU
		{6B582D23-6A90-4CAB-977E-5A2711C5AC70}.Release|x86.ActiveCfg = Release|Any CPU
		{6B582D23-6A90-4CAB-977E-5A2711C5AC70}.Release|x86.Build.0 = Release|Any CPU
		{BB2AACCF-2950-42B9-A885-C92E730CA5B0}.Debug|Any CPU.ActiveCfg = Debug|Any CPU
		{BB2AACCF-2950-42B9-A885-C92E730CA5B0}.Debug|Any CPU.Build.0 = Debug|Any CPU
		{BB2AACCF-2950-42B9-A885-C92E730CA5B0}.Debug|x64.ActiveCfg = Debug|Any CPU
		{BB2AACCF-2950-42B9-A885-C92E730CA5B0}.Debug|x64.Build.0 = Debug|Any CPU
		{BB2AACCF-2950-42B9-A885-C92E730CA5B0}.Debug|x86.ActiveCfg = Debug|Any CPU
		{BB2AACCF-2950-42B9-A885-C92E730CA5B0}.Debug|x86.Build.0 = Debug|Any CPU
		{BB2AACCF-2950-42B9-A885-C92E730CA5B0}.Release|Any CPU.ActiveCfg = Release|Any CPU
		{BB2AACCF-2950-42B9-A885-C92E730CA5B0}.Release|Any CPU.Build.0 = Release|Any CPU
		{BB2AACCF-2950-42B9-A885-C92E730CA5B0}.Release|x64.ActiveCfg = Release|Any CPU
		{BB2AACCF-2950-42B9-A885-C92E730CA5B0}.Release|x64.Build.0 = Release|Any CPU
		{BB2AACCF-2950-42B9-A885-C92E730CA5B0}.Release|x86.ActiveCfg = Release|Any CPU
		{BB2AACCF-2950-42B9-A885-C92E730CA5B0}.Release|x86.Build.0 = Release|Any CPU
		{06750899-C2F7-4EC9-8908-F935C1D57650}.Debug|Any CPU.ActiveCfg = Debug|Any CPU
		{06750899-C2F7-4EC9-8908-F935C1D57650}.Debug|Any CPU.Build.0 = Debug|Any CPU
		{06750899-C2F7-4EC9-8908-F935C1D57650}.Debug|x64.ActiveCfg = Debug|Any CPU
		{06750899-C2F7-4EC9-8908-F935C1D57650}.Debug|x64.Build.0 = Debug|Any CPU
		{06750899-C2F7-4EC9-8908-F935C1D57650}.Debug|x86.ActiveCfg = Debug|Any CPU
		{06750899-C2F7-4EC9-8908-F935C1D57650}.Debug|x86.Build.0 = Debug|Any CPU
		{06750899-C2F7-4EC9-8908-F935C1D57650}.Release|Any CPU.ActiveCfg = Release|Any CPU
		{06750899-C2F7-4EC9-8908-F935C1D57650}.Release|Any CPU.Build.0 = Release|Any CPU
		{06750899-C2F7-4EC9-8908-F935C1D57650}.Release|x64.ActiveCfg = Release|Any CPU
		{06750899-C2F7-4EC9-8908-F935C1D57650}.Release|x64.Build.0 = Release|Any CPU
		{06750899-C2F7-4EC9-8908-F935C1D57650}.Release|x86.ActiveCfg = Release|Any CPU
		{06750899-C2F7-4EC9-8908-F935C1D57650}.Release|x86.Build.0 = Release|Any CPU
	EndGlobalSection
	GlobalSection(SolutionProperties) = preSolution
		HideSolutionNode = FALSE
	EndGlobalSection
	GlobalSection(NestedProjects) = preSolution
		{D8077428-4FCC-47A0-AD91-E94DE21656E1} = {827E0CD3-B72D-47B6-A68D-7590B98EB39B}
		{27D6D64A-BF36-44EE-9A17-0CAA96884A74} = {827E0CD3-B72D-47B6-A68D-7590B98EB39B}
		{D6D82A9B-7A4A-4F43-9C05-3D9F1D6F3C9E} = {827E0CD3-B72D-47B6-A68D-7590B98EB39B}
		{95466D86-7B5F-4CF4-9589-EC31F9B50C40} = {827E0CD3-B72D-47B6-A68D-7590B98EB39B}
		{DA4C2F0E-FE8F-4933-95A9-9E1E396005ED} = {0AB3BF05-4346-4AA6-1389-037BE0695223}
		{5E6C0009-655E-4354-AEDA-35630D25527B} = {0AB3BF05-4346-4AA6-1389-037BE0695223}
		{EDC82882-0BA2-421B-A2FD-05808F7C686A} = {827E0CD3-B72D-47B6-A68D-7590B98EB39B}
		{30B6BA23-75F5-4359-8A1E-671508ECAAF4} = {0AB3BF05-4346-4AA6-1389-037BE0695223}
		{FC4B7684-652E-4952-9F82-B9FC912EE762} = {0AB3BF05-4346-4AA6-1389-037BE0695223}
		{310C801D-9966-414B-8293-517F5B891551} = {827E0CD3-B72D-47B6-A68D-7590B98EB39B}
		{895C03FE-F568-48B2-8A56-12C17A4DB68B} = {0AB3BF05-4346-4AA6-1389-037BE0695223}
		{4581A553-F4C5-43FC-AE2D-881E7F4A0CE6} = {0AB3BF05-4346-4AA6-1389-037BE0695223}
		{53F87BA4-B201-4D98-AA59-3AA09E7C34A5} = {827E0CD3-B72D-47B6-A68D-7590B98EB39B}
		{406B7D18-96F0-4D63-AD75-233B9D8BA7E3} = {0AB3BF05-4346-4AA6-1389-037BE0695223}
		{7F8F1000-EE46-405E-B9C2-AA22DC5AC9A9} = {827E0CD3-B72D-47B6-A68D-7590B98EB39B}
		{1F1F91AA-24BD-44AC-9B57-5C673540D3BF} = {827E0CD3-B72D-47B6-A68D-7590B98EB39B}
		{8AE99FB7-F191-49D7-BA75-2A65AD7AA40D} = {0AB3BF05-4346-4AA6-1389-037BE0695223}
		{5ECC2433-B2F7-4C0E-AB79-5449C5826C90} = {0AB3BF05-4346-4AA6-1389-037BE0695223}
		{6B582D23-6A90-4CAB-977E-5A2711C5AC70} = {5D20AA90-6969-D8BD-9DCD-8634F4692FDA}
		{BB2AACCF-2950-42B9-A885-C92E730CA5B0} = {827E0CD3-B72D-47B6-A68D-7590B98EB39B}
		{06750899-C2F7-4EC9-8908-F935C1D57650} = {0AB3BF05-4346-4AA6-1389-037BE0695223}
	EndGlobalSection
EndGlobal
